
Microsoft Visual Studio Solution File, Format Version 12.00
Project("{FAE04EC0-301F-11D3-BF4B-00C04F79EFBC}") = "FEExample", "FEExample\FEExample.csproj", "{88F2F467-9A59-4C2A-818B-7DB0690FDDC9}"
EndProject
Project("{F2A71F9B-5D33-465A-A702-920D77279786}") = "FSharpLib", "FSharpLib\FSharpLib.fsproj", "{0C3535F6-AF32-45CB-A41F-FFD9CDD4080C}"
EndProject
Global
	GlobalSection(SolutionConfigurationPlatforms) = preSolution
		Debug|Any CPU = Debug|Any CPU
		Release|Any CPU = Release|Any CPU
	EndGlobalSection
	GlobalSection(ProjectConfigurationPlatforms) = postSolution
		{88F2F467-9A59-4C2A-818B-7DB0690FDDC9}.Debug|Any CPU.ActiveCfg = Debug|Any CPU
		{88F2F467-9A59-4C2A-818B-7DB0690FDDC9}.Debug|Any CPU.Build.0 = Debug|Any CPU
		{88F2F467-9A59-4C2A-818B-7DB0690FDDC9}.Release|Any CPU.ActiveCfg = Release|Any CPU
		{88F2F467-9A59-4C2A-818B-7DB0690FDDC9}.Release|Any CPU.Build.0 = Release|Any CPU
		{0C3535F6-AF32-45CB-A41F-FFD9CDD4080C}.Debug|Any CPU.ActiveCfg = Debug|Any CPU
		{0C3535F6-AF32-45CB-A41F-FFD9CDD4080C}.Debug|Any CPU.Build.0 = Debug|Any CPU
		{0C3535F6-AF32-45CB-A41F-FFD9CDD4080C}.Release|Any CPU.ActiveCfg = Release|Any CPU
		{0C3535F6-AF32-45CB-A41F-FFD9CDD4080C}.Release|Any CPU.Build.0 = Release|Any CPU
	EndGlobalSection
EndGlobal
